
Microsoft Visual Studio Solution File, Format Version 12.00
# Visual Studio Version 17
VisualStudioVersion = 17.11.35327.3
MinimumVisualStudioVersion = 10.0.40219.1
Project("{FAE04EC0-301F-11D3-BF4B-00C04F79EFBC}") = "GestionnaireMDPWebServer", "GestionnaireMDPWebServer\GestionnaireMDPWebServer.csproj", "{CDDAF24B-DF4E-4906-BA88-2B709BFE83B2}"
EndProject
Global
	GlobalSection(SolutionConfigurationPlatforms) = preSolution
		Debug|Any CPU = Debug|Any CPU
		Release|Any CPU = Release|Any CPU
	EndGlobalSection
	GlobalSection(ProjectConfigurationPlatforms) = postSolution
		{CDDAF24B-DF4E-4906-BA88-2B709BFE83B2}.Debug|Any CPU.ActiveCfg = Debug|Any CPU
		{CDDAF24B-DF4E-4906-BA88-2B709BFE83B2}.Debug|Any CPU.Build.0 = Debug|Any CPU
		{CDDAF24B-DF4E-4906-BA88-2B709BFE83B2}.Release|Any CPU.ActiveCfg = Release|Any CPU
		{CDDAF24B-DF4E-4906-BA88-2B709BFE83B2}.Release|Any CPU.Build.0 = Release|Any CPU
	EndGlobalSection
	GlobalSection(SolutionProperties) = preSolution
		HideSolutionNode = FALSE
	EndGlobalSection
	GlobalSection(ExtensibilityGlobals) = postSolution
		SolutionGuid = {3BDB739A-7F18-4675-8FDC-15F81BC85CE9}
	EndGlobalSection
EndGlobal
